
Microsoft Visual Studio Solution File, Format Version 12.00
# Visual Studio 15
VisualStudioVersion = 15.0.27428.2043
MinimumVisualStudioVersion = 10.0.40219.1
Project("{FAE04EC0-301F-11D3-BF4B-00C04F79EFBC}") = "WindowsIotTrafficLightsService", "WindowsIotTrafficLightsService\WindowsIotTrafficLightsService.csproj", "{80B70B37-7C15-4412-BCC6-1366F4F0F79E}"
EndProject
Project("{9A19103F-16F7-4668-BE54-9A1E7A4F7556}") = "WindowsIotTrafficLights", "WindowsIotTrafficLights\WindowsIotTrafficLights.csproj", "{56CEFB72-25B7-4FD0-9DA3-E25259253DCE}"
EndProject
Project("{2150E333-8FDC-42A3-9474-1A3956D46DE8}") = "External files", "External files", "{04C42578-59E2-4DEA-ACBA-A8D75DC304FE}"
	ProjectSection(SolutionItems) = preProject
		External files\Diagrams.vsdx = External files\Diagrams.vsdx
		..\raspberry-pi-traffic-lights-diagram.png = ..\raspberry-pi-traffic-lights-diagram.png
		..\raspberry-pi-traffic-lights.png = ..\raspberry-pi-traffic-lights.png
		..\README.md = ..\README.md
		External files\traffic.json = External files\traffic.json
		External files\trafficlightsupdate.php = External files\trafficlightsupdate.php
		External files\yellow.json = External files\yellow.json
	EndProjectSection
EndProject
Project("{FAE04EC0-301F-11D3-BF4B-00C04F79EFBC}") = "WindowsIotTrafficLightsApp", "WindowsIotTrafficLightsApp\WindowsIotTrafficLightsApp.csproj", "{C2F53F80-25E8-4DB2-8912-D1035F74E41C}"
EndProject
Global
	GlobalSection(SolutionConfigurationPlatforms) = preSolution
		Debug|Any CPU = Debug|Any CPU
		Debug|ARM = Debug|ARM
		Debug|x64 = Debug|x64
		Debug|x86 = Debug|x86
		Release|Any CPU = Release|Any CPU
		Release|ARM = Release|ARM
		Release|x64 = Release|x64
		Release|x86 = Release|x86
	EndGlobalSection
	GlobalSection(ProjectConfigurationPlatforms) = postSolution
		{80B70B37-7C15-4412-BCC6-1366F4F0F79E}.Debug|Any CPU.ActiveCfg = Debug|x86
		{80B70B37-7C15-4412-BCC6-1366F4F0F79E}.Debug|ARM.ActiveCfg = Debug|ARM
		{80B70B37-7C15-4412-BCC6-1366F4F0F79E}.Debug|ARM.Build.0 = Debug|ARM
		{80B70B37-7C15-4412-BCC6-1366F4F0F79E}.Debug|ARM.Deploy.0 = Debug|ARM
		{80B70B37-7C15-4412-BCC6-1366F4F0F79E}.Debug|x64.ActiveCfg = Debug|x64
		{80B70B37-7C15-4412-BCC6-1366F4F0F79E}.Debug|x64.Build.0 = Debug|x64
		{80B70B37-7C15-4412-BCC6-1366F4F0F79E}.Debug|x64.Deploy.0 = Debug|x64
		{80B70B37-7C15-4412-BCC6-1366F4F0F79E}.Debug|x86.ActiveCfg = Debug|x86
		{80B70B37-7C15-4412-BCC6-1366F4F0F79E}.Debug|x86.Build.0 = Debug|x86
		{80B70B37-7C15-4412-BCC6-1366F4F0F79E}.Debug|x86.Deploy.0 = Debug|x86
		{80B70B37-7C15-4412-BCC6-1366F4F0F79E}.Release|Any CPU.ActiveCfg = Release|x86
		{80B70B37-7C15-4412-BCC6-1366F4F0F79E}.Release|ARM.ActiveCfg = Release|ARM
		{80B70B37-7C15-4412-BCC6-1366F4F0F79E}.Release|ARM.Build.0 = Release|ARM
		{80B70B37-7C15-4412-BCC6-1366F4F0F79E}.Release|ARM.Deploy.0 = Release|ARM
		{80B70B37-7C15-4412-BCC6-1366F4F0F79E}.Release|x64.ActiveCfg = Release|x64
		{80B70B37-7C15-4412-BCC6-1366F4F0F79E}.Release|x64.Build.0 = Release|x64
		{80B70B37-7C15-4412-BCC6-1366F4F0F79E}.Release|x64.Deploy.0 = Release|x64
		{80B70B37-7C15-4412-BCC6-1366F4F0F79E}.Release|x86.ActiveCfg = Release|x86
		{80B70B37-7C15-4412-BCC6-1366F4F0F79E}.Release|x86.Build.0 = Release|x86
		{80B70B37-7C15-4412-BCC6-1366F4F0F79E}.Release|x86.Deploy.0 = Release|x86
		{56CEFB72-25B7-4FD0-9DA3-E25259253DCE}.Debug|Any CPU.ActiveCfg = Debug|Any CPU
		{56CEFB72-25B7-4FD0-9DA3-E25259253DCE}.Debug|Any CPU.Build.0 = Debug|Any CPU
		{56CEFB72-25B7-4FD0-9DA3-E25259253DCE}.Debug|ARM.ActiveCfg = Debug|Any CPU
		{56CEFB72-25B7-4FD0-9DA3-E25259253DCE}.Debug|ARM.Build.0 = Debug|Any CPU
		{56CEFB72-25B7-4FD0-9DA3-E25259253DCE}.Debug|x64.ActiveCfg = Debug|Any CPU
		{56CEFB72-25B7-4FD0-9DA3-E25259253DCE}.Debug|x64.Build.0 = Debug|Any CPU
		{56CEFB72-25B7-4FD0-9DA3-E25259253DCE}.Debug|x86.ActiveCfg = Debug|Any CPU
		{56CEFB72-25B7-4FD0-9DA3-E25259253DCE}.Debug|x86.Build.0 = Debug|Any CPU
		{56CEFB72-25B7-4FD0-9DA3-E25259253DCE}.Release|Any CPU.ActiveCfg = Release|Any CPU
		{56CEFB72-25B7-4FD0-9DA3-E25259253DCE}.Release|Any CPU.Build.0 = Release|Any CPU
		{56CEFB72-25B7-4FD0-9DA3-E25259253DCE}.Release|ARM.ActiveCfg = Release|Any CPU
		{56CEFB72-25B7-4FD0-9DA3-E25259253DCE}.Release|ARM.Build.0 = Release|Any CPU
		{56CEFB72-25B7-4FD0-9DA3-E25259253DCE}.Release|x64.ActiveCfg = Release|Any CPU
		{56CEFB72-25B7-4FD0-9DA3-E25259253DCE}.Release|x64.Build.0 = Release|Any CPU
		{56CEFB72-25B7-4FD0-9DA3-E25259253DCE}.Release|x86.ActiveCfg = Release|Any CPU
		{56CEFB72-25B7-4FD0-9DA3-E25259253DCE}.Release|x86.Build.0 = Release|Any CPU
		{C2F53F80-25E8-4DB2-8912-D1035F74E41C}.Debug|Any CPU.ActiveCfg = Debug|x86
		{C2F53F80-25E8-4DB2-8912-D1035F74E41C}.Debug|ARM.ActiveCfg = Debug|ARM
		{C2F53F80-25E8-4DB2-8912-D1035F74E41C}.Debug|ARM.Build.0 = Debug|ARM
		{C2F53F80-25E8-4DB2-8912-D1035F74E41C}.Debug|ARM.Deploy.0 = Debug|ARM
		{C2F53F80-25E8-4DB2-8912-D1035F74E41C}.Debug|x64.ActiveCfg = Debug|x64
		{C2F53F80-25E8-4DB2-8912-D1035F74E41C}.Debug|x64.Build.0 = Debug|x64
		{C2F53F80-25E8-4DB2-8912-D1035F74E41C}.Debug|x64.Deploy.0 = Debug|x64
		{C2F53F80-25E8-4DB2-8912-D1035F74E41C}.Debug|x86.ActiveCfg = Debug|x86
		{C2F53F80-25E8-4DB2-8912-D1035F74E41C}.Debug|x86.Build.0 = Debug|x86
		{C2F53F80-25E8-4DB2-8912-D1035F74E41C}.Debug|x86.Deploy.0 = Debug|x86
		{C2F53F80-25E8-4DB2-8912-D1035F74E41C}.Release|Any CPU.ActiveCfg = Release|x86
		{C2F53F80-25E8-4DB2-8912-D1035F74E41C}.Release|ARM.ActiveCfg = Release|ARM
		{C2F53F80-25E8-4DB2-8912-D1035F74E41C}.Release|ARM.Build.0 = Release|ARM
		{C2F53F80-25E8-4DB2-8912-D1035F74E41C}.Release|ARM.Deploy.0 = Release|ARM
		{C2F53F80-25E8-4DB2-8912-D1035F74E41C}.Release|x64.ActiveCfg = Release|x64
		{C2F53F80-25E8-4DB2-8912-D1035F74E41C}.Release|x64.Build.0 = Release|x64
		{C2F53F80-25E8-4DB2-8912-D1035F74E41C}.Release|x64.Deploy.0 = Release|x64
		{C2F53F80-25E8-4DB2-8912-D1035F74E41C}.Release|x86.ActiveCfg = Release|x86
		{C2F53F80-25E8-4DB2-8912-D1035F74E41C}.Release|x86.Build.0 = Release|x86
		{C2F53F80-25E8-4DB2-8912-D1035F74E41C}.Release|x86.Deploy.0 = Release|x86
	EndGlobalSection
	GlobalSection(SolutionProperties) = preSolution
		HideSolutionNode = FALSE
	EndGlobalSection
	GlobalSection(ExtensibilityGlobals) = postSolution
		SolutionGuid = {136C75EA-2978-486B-8410-8039636777A3}
	EndGlobalSection
EndGlobal
